
Microsoft Visual Studio Solution File, Format Version 12.00
Project("{FAE04EC0-301F-11D3-BF4B-00C04F79EFBC}") = "Cde", "Cde\Cde.csproj", "{19A9476C-C61A-487A-B481-0E4AA3301452}"
EndProject
Global
	GlobalSection(SolutionConfigurationPlatforms) = preSolution
		Debug|Any CPU = Debug|Any CPU
		Release|Any CPU = Release|Any CPU
	EndGlobalSection
	GlobalSection(ProjectConfigurationPlatforms) = postSolution
		{19A9476C-C61A-487A-B481-0E4AA3301452}.Debug|Any CPU.ActiveCfg = Debug|Any CPU
		{19A9476C-C61A-487A-B481-0E4AA3301452}.Debug|Any CPU.Build.0 = Debug|Any CPU
		{19A9476C-C61A-487A-B481-0E4AA3301452}.Release|Any CPU.ActiveCfg = Release|Any CPU
		{19A9476C-C61A-487A-B481-0E4AA3301452}.Release|Any CPU.Build.0 = Release|Any CPU
	EndGlobalSection
EndGlobal
